
Microsoft Visual Studio Solution File, Format Version 12.00
# Visual Studio Version 17
VisualStudioVersion = 17.13.35818.85 d17.13
MinimumVisualStudioVersion = 10.0.40219.1
Project("{FAE04EC0-301F-11D3-BF4B-00C04F79EFBC}") = "Week8CalculatorEx", "Week8CalculatorEx\Week8CalculatorEx.csproj", "{9D5B2955-679C-4815-8A46-717019C4753F}"
EndProject
Global
	GlobalSection(SolutionConfigurationPlatforms) = preSolution
		Debug|Any CPU = Debug|Any CPU
		Release|Any CPU = Release|Any CPU
	EndGlobalSection
	GlobalSection(ProjectConfigurationPlatforms) = postSolution
		{9D5B2955-679C-4815-8A46-717019C4753F}.Debug|Any CPU.ActiveCfg = Debug|Any CPU
		{9D5B2955-679C-4815-8A46-717019C4753F}.Debug|Any CPU.Build.0 = Debug|Any CPU
		{9D5B2955-679C-4815-8A46-717019C4753F}.Release|Any CPU.ActiveCfg = Release|Any CPU
		{9D5B2955-679C-4815-8A46-717019C4753F}.Release|Any CPU.Build.0 = Release|Any CPU
	EndGlobalSection
	GlobalSection(SolutionProperties) = preSolution
		HideSolutionNode = FALSE
	EndGlobalSection
	GlobalSection(ExtensibilityGlobals) = postSolution
		SolutionGuid = {A5F30934-83B3-4E79-801B-D2CCDA81CA58}
	EndGlobalSection
EndGlobal
